
Microsoft Visual Studio Solution File, Format Version 12.00
# Visual Studio Version 17
VisualStudioVersion = 17.5.002.0
MinimumVisualStudioVersion = 10.0.40219.1
Project("{9A19103F-16F7-4668-BE54-9A1E7A4F7556}") = "PdfGeneratorApi", "PdfGeneratorApi.csproj", "{8500CEFC-277D-4A1A-A7AE-A69E5A658E71}"
EndProject
Global
	GlobalSection(SolutionConfigurationPlatforms) = preSolution
		Debug|Any CPU = Debug|Any CPU
		Release|Any CPU = Release|Any CPU
	EndGlobalSection
	GlobalSection(ProjectConfigurationPlatforms) = postSolution
		{8500CEFC-277D-4A1A-A7AE-A69E5A658E71}.Debug|Any CPU.ActiveCfg = Debug|Any CPU
		{8500CEFC-277D-4A1A-A7AE-A69E5A658E71}.Debug|Any CPU.Build.0 = Debug|Any CPU
		{8500CEFC-277D-4A1A-A7AE-A69E5A658E71}.Release|Any CPU.ActiveCfg = Release|Any CPU
		{8500CEFC-277D-4A1A-A7AE-A69E5A658E71}.Release|Any CPU.Build.0 = Release|Any CPU
	EndGlobalSection
	GlobalSection(SolutionProperties) = preSolution
		HideSolutionNode = FALSE
	EndGlobalSection
	GlobalSection(ExtensibilityGlobals) = postSolution
		SolutionGuid = {F724D41A-86C8-4D17-8B41-154A3B909B6A}
	EndGlobalSection
EndGlobal
